
Microsoft Visual Studio Solution File, Format Version 12.00
# Visual Studio Version 16
VisualStudioVersion = 16.0.29509.3
MinimumVisualStudioVersion = 10.0.40219.1
Project("{FAE04EC0-301F-11D3-BF4B-00C04F79EFBC}") = "WebApi", "WebApi\WebApi.csproj", "{D2EAA83E-471A-4FE0-AD31-F5C6E4860146}"
	ProjectSection(ProjectDependencies) = postProject
		{6DCF2176-4D16-40CF-B8CD-C6BFAF7BA88C} = {6DCF2176-4D16-40CF-B8CD-C6BFAF7BA88C}
		{9DD98ABB-594A-4BEB-8786-0AC97ABB1A9E} = {9DD98ABB-594A-4BEB-8786-0AC97ABB1A9E}
	EndProjectSection
EndProject
Project("{FAE04EC0-301F-11D3-BF4B-00C04F79EFBC}") = "ConsoleAppConsumeAPI", "ConsoleAppConsumeAPI\ConsoleAppConsumeAPI.csproj", "{4839B1C2-F146-4651-A027-218FB0F44428}"
	ProjectSection(ProjectDependencies) = postProject
		{9DD98ABB-594A-4BEB-8786-0AC97ABB1A9E} = {9DD98ABB-594A-4BEB-8786-0AC97ABB1A9E}
	EndProjectSection
EndProject
Project("{FAE04EC0-301F-11D3-BF4B-00C04F79EFBC}") = "WebMVCConsumeWebAPI", "WebMVCConsumeWebAPI\WebMVCConsumeWebAPI.csproj", "{BB5AF29D-083E-4BE1-82E1-B0BA806BE0C6}"
	ProjectSection(ProjectDependencies) = postProject
		{9DD98ABB-594A-4BEB-8786-0AC97ABB1A9E} = {9DD98ABB-594A-4BEB-8786-0AC97ABB1A9E}
	EndProjectSection
EndProject
Project("{9A19103F-16F7-4668-BE54-9A1E7A4F7556}") = "DomainEntityModel", "DomainEntityModel\DomainEntityModel.csproj", "{9DD98ABB-594A-4BEB-8786-0AC97ABB1A9E}"
EndProject
Project("{FAE04EC0-301F-11D3-BF4B-00C04F79EFBC}") = "Infrastructure", "Infrastructure\Infrastructure.csproj", "{6DCF2176-4D16-40CF-B8CD-C6BFAF7BA88C}"
	ProjectSection(ProjectDependencies) = postProject
		{9DD98ABB-594A-4BEB-8786-0AC97ABB1A9E} = {9DD98ABB-594A-4BEB-8786-0AC97ABB1A9E}
	EndProjectSection
EndProject
Project("{FAE04EC0-301F-11D3-BF4B-00C04F79EFBC}") = "Application_Service", "Application_Service\Application_Service.csproj", "{342A8A93-047C-44F2-8F89-81E57B120A41}"
EndProject
Global
	GlobalSection(SolutionConfigurationPlatforms) = preSolution
		Debug|Any CPU = Debug|Any CPU
		Release|Any CPU = Release|Any CPU
	EndGlobalSection
	GlobalSection(ProjectConfigurationPlatforms) = postSolution
		{D2EAA83E-471A-4FE0-AD31-F5C6E4860146}.Debug|Any CPU.ActiveCfg = Debug|Any CPU
		{D2EAA83E-471A-4FE0-AD31-F5C6E4860146}.Debug|Any CPU.Build.0 = Debug|Any CPU
		{D2EAA83E-471A-4FE0-AD31-F5C6E4860146}.Release|Any CPU.ActiveCfg = Release|Any CPU
		{D2EAA83E-471A-4FE0-AD31-F5C6E4860146}.Release|Any CPU.Build.0 = Release|Any CPU
		{4839B1C2-F146-4651-A027-218FB0F44428}.Debug|Any CPU.ActiveCfg = Debug|Any CPU
		{4839B1C2-F146-4651-A027-218FB0F44428}.Debug|Any CPU.Build.0 = Debug|Any CPU
		{4839B1C2-F146-4651-A027-218FB0F44428}.Release|Any CPU.ActiveCfg = Release|Any CPU
		{4839B1C2-F146-4651-A027-218FB0F44428}.Release|Any CPU.Build.0 = Release|Any CPU
		{BB5AF29D-083E-4BE1-82E1-B0BA806BE0C6}.Debug|Any CPU.ActiveCfg = Debug|Any CPU
		{BB5AF29D-083E-4BE1-82E1-B0BA806BE0C6}.Debug|Any CPU.Build.0 = Debug|Any CPU
		{BB5AF29D-083E-4BE1-82E1-B0BA806BE0C6}.Release|Any CPU.ActiveCfg = Release|Any CPU
		{BB5AF29D-083E-4BE1-82E1-B0BA806BE0C6}.Release|Any CPU.Build.0 = Release|Any CPU
		{9DD98ABB-594A-4BEB-8786-0AC97ABB1A9E}.Debug|Any CPU.ActiveCfg = Debug|Any CPU
		{9DD98ABB-594A-4BEB-8786-0AC97ABB1A9E}.Debug|Any CPU.Build.0 = Debug|Any CPU
		{9DD98ABB-594A-4BEB-8786-0AC97ABB1A9E}.Release|Any CPU.ActiveCfg = Release|Any CPU
		{9DD98ABB-594A-4BEB-8786-0AC97ABB1A9E}.Release|Any CPU.Build.0 = Release|Any CPU
		{6DCF2176-4D16-40CF-B8CD-C6BFAF7BA88C}.Debug|Any CPU.ActiveCfg = Debug|Any CPU
		{6DCF2176-4D16-40CF-B8CD-C6BFAF7BA88C}.Debug|Any CPU.Build.0 = Debug|Any CPU
		{6DCF2176-4D16-40CF-B8CD-C6BFAF7BA88C}.Release|Any CPU.ActiveCfg = Release|Any CPU
		{6DCF2176-4D16-40CF-B8CD-C6BFAF7BA88C}.Release|Any CPU.Build.0 = Release|Any CPU
		{342A8A93-047C-44F2-8F89-81E57B120A41}.Debug|Any CPU.ActiveCfg = Debug|Any CPU
		{342A8A93-047C-44F2-8F89-81E57B120A41}.Debug|Any CPU.Build.0 = Debug|Any CPU
		{342A8A93-047C-44F2-8F89-81E57B120A41}.Release|Any CPU.ActiveCfg = Release|Any CPU
		{342A8A93-047C-44F2-8F89-81E57B120A41}.Release|Any CPU.Build.0 = Release|Any CPU
	EndGlobalSection
	GlobalSection(SolutionProperties) = preSolution
		HideSolutionNode = FALSE
	EndGlobalSection
	GlobalSection(ExtensibilityGlobals) = postSolution
		SolutionGuid = {218C2B55-6315-4B61-979F-769CC50CDC7E}
	EndGlobalSection
EndGlobal
