
Microsoft Visual Studio Solution File, Format Version 12.00
# Visual Studio 15
VisualStudioVersion = 15.0.28307.168
MinimumVisualStudioVersion = 10.0.40219.1
Project("{FAE04EC0-301F-11D3-BF4B-00C04F79EFBC}") = "WebApi", "WebApi\WebApi.csproj", "{D2EAA83E-471A-4FE0-AD31-F5C6E4860146}"
	ProjectSection(ProjectDependencies) = postProject
		{FB8ACCD1-D10C-4E37-BF8B-029C93A63D76} = {FB8ACCD1-D10C-4E37-BF8B-029C93A63D76}
	EndProjectSection
EndProject
Project("{FAE04EC0-301F-11D3-BF4B-00C04F79EFBC}") = "ConsoleAppConsumeAPI", "ConsoleAppConsumeAPI\ConsoleAppConsumeAPI.csproj", "{4839B1C2-F146-4651-A027-218FB0F44428}"
	ProjectSection(ProjectDependencies) = postProject
		{FB8ACCD1-D10C-4E37-BF8B-029C93A63D76} = {FB8ACCD1-D10C-4E37-BF8B-029C93A63D76}
	EndProjectSection
EndProject
Project("{FAE04EC0-301F-11D3-BF4B-00C04F79EFBC}") = "EntityModel", "EntityModel\EntityModel.csproj", "{FB8ACCD1-D10C-4E37-BF8B-029C93A63D76}"
EndProject
Project("{FAE04EC0-301F-11D3-BF4B-00C04F79EFBC}") = "WebMVCConsumeWebAPI", "WebMVCConsumeWebAPI\WebMVCConsumeWebAPI.csproj", "{BB5AF29D-083E-4BE1-82E1-B0BA806BE0C6}"
EndProject
Global
	GlobalSection(SolutionConfigurationPlatforms) = preSolution
		Debug|Any CPU = Debug|Any CPU
		Release|Any CPU = Release|Any CPU
	EndGlobalSection
	GlobalSection(ProjectConfigurationPlatforms) = postSolution
		{D2EAA83E-471A-4FE0-AD31-F5C6E4860146}.Debug|Any CPU.ActiveCfg = Debug|Any CPU
		{D2EAA83E-471A-4FE0-AD31-F5C6E4860146}.Debug|Any CPU.Build.0 = Debug|Any CPU
		{D2EAA83E-471A-4FE0-AD31-F5C6E4860146}.Release|Any CPU.ActiveCfg = Release|Any CPU
		{D2EAA83E-471A-4FE0-AD31-F5C6E4860146}.Release|Any CPU.Build.0 = Release|Any CPU
		{4839B1C2-F146-4651-A027-218FB0F44428}.Debug|Any CPU.ActiveCfg = Debug|Any CPU
		{4839B1C2-F146-4651-A027-218FB0F44428}.Debug|Any CPU.Build.0 = Debug|Any CPU
		{4839B1C2-F146-4651-A027-218FB0F44428}.Release|Any CPU.ActiveCfg = Release|Any CPU
		{4839B1C2-F146-4651-A027-218FB0F44428}.Release|Any CPU.Build.0 = Release|Any CPU
		{FB8ACCD1-D10C-4E37-BF8B-029C93A63D76}.Debug|Any CPU.ActiveCfg = Debug|Any CPU
		{FB8ACCD1-D10C-4E37-BF8B-029C93A63D76}.Debug|Any CPU.Build.0 = Debug|Any CPU
		{FB8ACCD1-D10C-4E37-BF8B-029C93A63D76}.Release|Any CPU.ActiveCfg = Release|Any CPU
		{FB8ACCD1-D10C-4E37-BF8B-029C93A63D76}.Release|Any CPU.Build.0 = Release|Any CPU
		{BB5AF29D-083E-4BE1-82E1-B0BA806BE0C6}.Debug|Any CPU.ActiveCfg = Debug|Any CPU
		{BB5AF29D-083E-4BE1-82E1-B0BA806BE0C6}.Debug|Any CPU.Build.0 = Debug|Any CPU
		{BB5AF29D-083E-4BE1-82E1-B0BA806BE0C6}.Release|Any CPU.ActiveCfg = Release|Any CPU
		{BB5AF29D-083E-4BE1-82E1-B0BA806BE0C6}.Release|Any CPU.Build.0 = Release|Any CPU
	EndGlobalSection
	GlobalSection(SolutionProperties) = preSolution
		HideSolutionNode = FALSE
	EndGlobalSection
	GlobalSection(ExtensibilityGlobals) = postSolution
		SolutionGuid = {218C2B55-6315-4B61-979F-769CC50CDC7E}
	EndGlobalSection
EndGlobal
